
Microsoft Visual Studio Solution File, Format Version 12.00
# Visual Studio Version 17
VisualStudioVersion = 17.4.33205.214
MinimumVisualStudioVersion = 10.0.40219.1
Project("{FAE04EC0-301F-11D3-BF4B-00C04F79EFBC}") = "OData.MinimalApi.Example.WebApi", "OData.MinimalApi.Example.WebApi\OData.MinimalApi.Example.WebApi.csproj", "{13AB8A13-586E-45F4-A0C3-5467405E4751}"
EndProject
Global
	GlobalSection(SolutionConfigurationPlatforms) = preSolution
		Debug|Any CPU = Debug|Any CPU
		Release|Any CPU = Release|Any CPU
	EndGlobalSection
	GlobalSection(ProjectConfigurationPlatforms) = postSolution
		{13AB8A13-586E-45F4-A0C3-5467405E4751}.Debug|Any CPU.ActiveCfg = Debug|Any CPU
		{13AB8A13-586E-45F4-A0C3-5467405E4751}.Debug|Any CPU.Build.0 = Debug|Any CPU
		{13AB8A13-586E-45F4-A0C3-5467405E4751}.Release|Any CPU.ActiveCfg = Release|Any CPU
		{13AB8A13-586E-45F4-A0C3-5467405E4751}.Release|Any CPU.Build.0 = Release|Any CPU
	EndGlobalSection
	GlobalSection(SolutionProperties) = preSolution
		HideSolutionNode = FALSE
	EndGlobalSection
	GlobalSection(ExtensibilityGlobals) = postSolution
		SolutionGuid = {E5FC3D1B-D2CC-4A9C-A49C-FD431B8C1CE4}
	EndGlobalSection
EndGlobal
